
Microsoft Visual Studio Solution File, Format Version 12.00
# Visual Studio Version 17
VisualStudioVersion = 17.6.33723.286
MinimumVisualStudioVersion = 10.0.40219.1
Project("{9A19103F-16F7-4668-BE54-9A1E7A4F7556}") = "01. Sort Even Numbers", "01. Sort Even Numbers\01. Sort Even Numbers.csproj", "{8C49EA50-B33C-49B8-AFA2-A5FD2CB5A1A0}"
EndProject
Project("{9A19103F-16F7-4668-BE54-9A1E7A4F7556}") = "02. Sum Numbers", "02. Sum Numbers\02. Sum Numbers.csproj", "{B011BFC5-A3E7-41A5-8860-5AE73D3FAC8B}"
EndProject
Project("{9A19103F-16F7-4668-BE54-9A1E7A4F7556}") = "03. Count Uppercase Words", "03. Count Uppercase Words\03. Count Uppercase Words.csproj", "{3B645D97-7368-4D23-9405-E72A2CA31EF2}"
EndProject
Project("{9A19103F-16F7-4668-BE54-9A1E7A4F7556}") = "04. Add VAT", "04. Add VAT\04. Add VAT.csproj", "{5FA3B317-7F98-4224-AEBD-660CC71EED7A}"
EndProject
Project("{9A19103F-16F7-4668-BE54-9A1E7A4F7556}") = "05. Filter By Age", "05. Filter By Age\05. Filter By Age.csproj", "{27F9226E-8C82-4EB7-BB01-480406620B66}"
EndProject
Global
	GlobalSection(SolutionConfigurationPlatforms) = preSolution
		Debug|Any CPU = Debug|Any CPU
		Release|Any CPU = Release|Any CPU
	EndGlobalSection
	GlobalSection(ProjectConfigurationPlatforms) = postSolution
		{8C49EA50-B33C-49B8-AFA2-A5FD2CB5A1A0}.Debug|Any CPU.ActiveCfg = Debug|Any CPU
		{8C49EA50-B33C-49B8-AFA2-A5FD2CB5A1A0}.Debug|Any CPU.Build.0 = Debug|Any CPU
		{8C49EA50-B33C-49B8-AFA2-A5FD2CB5A1A0}.Release|Any CPU.ActiveCfg = Release|Any CPU
		{8C49EA50-B33C-49B8-AFA2-A5FD2CB5A1A0}.Release|Any CPU.Build.0 = Release|Any CPU
		{B011BFC5-A3E7-41A5-8860-5AE73D3FAC8B}.Debug|Any CPU.ActiveCfg = Debug|Any CPU
		{B011BFC5-A3E7-41A5-8860-5AE73D3FAC8B}.Debug|Any CPU.Build.0 = Debug|Any CPU
		{B011BFC5-A3E7-41A5-8860-5AE73D3FAC8B}.Release|Any CPU.ActiveCfg = Release|Any CPU
		{B011BFC5-A3E7-41A5-8860-5AE73D3FAC8B}.Release|Any CPU.Build.0 = Release|Any CPU
		{3B645D97-7368-4D23-9405-E72A2CA31EF2}.Debug|Any CPU.ActiveCfg = Debug|Any CPU
		{3B645D97-7368-4D23-9405-E72A2CA31EF2}.Debug|Any CPU.Build.0 = Debug|Any CPU
		{3B645D97-7368-4D23-9405-E72A2CA31EF2}.Release|Any CPU.ActiveCfg = Release|Any CPU
		{3B645D97-7368-4D23-9405-E72A2CA31EF2}.Release|Any CPU.Build.0 = Release|Any CPU
		{5FA3B317-7F98-4224-AEBD-660CC71EED7A}.Debug|Any CPU.ActiveCfg = Debug|Any CPU
		{5FA3B317-7F98-4224-AEBD-660CC71EED7A}.Debug|Any CPU.Build.0 = Debug|Any CPU
		{5FA3B317-7F98-4224-AEBD-660CC71EED7A}.Release|Any CPU.ActiveCfg = Release|Any CPU
		{5FA3B317-7F98-4224-AEBD-660CC71EED7A}.Release|Any CPU.Build.0 = Release|Any CPU
		{27F9226E-8C82-4EB7-BB01-480406620B66}.Debug|Any CPU.ActiveCfg = Debug|Any CPU
		{27F9226E-8C82-4EB7-BB01-480406620B66}.Debug|Any CPU.Build.0 = Debug|Any CPU
		{27F9226E-8C82-4EB7-BB01-480406620B66}.Release|Any CPU.ActiveCfg = Release|Any CPU
		{27F9226E-8C82-4EB7-BB01-480406620B66}.Release|Any CPU.Build.0 = Release|Any CPU
	EndGlobalSection
	GlobalSection(SolutionProperties) = preSolution
		HideSolutionNode = FALSE
	EndGlobalSection
	GlobalSection(ExtensibilityGlobals) = postSolution
		SolutionGuid = {512C7EA9-1059-42BA-B69D-C1B0D8787FCE}
	EndGlobalSection
EndGlobal
